
Microsoft Visual Studio Solution File, Format Version 12.00
# Visual Studio Version 17
VisualStudioVersion = 17.13.35825.156 d17.13
MinimumVisualStudioVersion = 10.0.40219.1
Project("{FAE04EC0-301F-11D3-BF4B-00C04F79EFBC}") = "ExceptionQuadraticEquationConsole", "ExceptionQuadraticEquationConsole\ExceptionQuadraticEquationConsole.csproj", "{56445012-713D-4AD9-9A09-E5DC968DC565}"
EndProject
Global
	GlobalSection(SolutionConfigurationPlatforms) = preSolution
		Debug|Any CPU = Debug|Any CPU
		Release|Any CPU = Release|Any CPU
	EndGlobalSection
	GlobalSection(ProjectConfigurationPlatforms) = postSolution
		{56445012-713D-4AD9-9A09-E5DC968DC565}.Debug|Any CPU.ActiveCfg = Debug|Any CPU
		{56445012-713D-4AD9-9A09-E5DC968DC565}.Debug|Any CPU.Build.0 = Debug|Any CPU
		{56445012-713D-4AD9-9A09-E5DC968DC565}.Release|Any CPU.ActiveCfg = Release|Any CPU
		{56445012-713D-4AD9-9A09-E5DC968DC565}.Release|Any CPU.Build.0 = Release|Any CPU
	EndGlobalSection
	GlobalSection(SolutionProperties) = preSolution
		HideSolutionNode = FALSE
	EndGlobalSection
	GlobalSection(ExtensibilityGlobals) = postSolution
		SolutionGuid = {AC2DD9AC-3636-4C53-9A65-CD116C87D1DA}
	EndGlobalSection
EndGlobal
